
Microsoft Visual Studio Solution File, Format Version 12.00
# Visual Studio Version 17
VisualStudioVersion = 17.5.002.0
MinimumVisualStudioVersion = 10.0.40219.1
Project("{9A19103F-16F7-4668-BE54-9A1E7A4F7556}") = "Exemplo de arays", "Exemplo de arays.csproj", "{4FD1BF1A-CD65-4307-84F4-395D934669FE}"
EndProject
Global
	GlobalSection(SolutionConfigurationPlatforms) = preSolution
		Debug|Any CPU = Debug|Any CPU
		Release|Any CPU = Release|Any CPU
	EndGlobalSection
	GlobalSection(ProjectConfigurationPlatforms) = postSolution
		{4FD1BF1A-CD65-4307-84F4-395D934669FE}.Debug|Any CPU.ActiveCfg = Debug|Any CPU
		{4FD1BF1A-CD65-4307-84F4-395D934669FE}.Debug|Any CPU.Build.0 = Debug|Any CPU
		{4FD1BF1A-CD65-4307-84F4-395D934669FE}.Release|Any CPU.ActiveCfg = Release|Any CPU
		{4FD1BF1A-CD65-4307-84F4-395D934669FE}.Release|Any CPU.Build.0 = Release|Any CPU
	EndGlobalSection
	GlobalSection(SolutionProperties) = preSolution
		HideSolutionNode = FALSE
	EndGlobalSection
	GlobalSection(ExtensibilityGlobals) = postSolution
		SolutionGuid = {BAE33558-E954-4F44-8B82-DEFD200943DF}
	EndGlobalSection
EndGlobal
